// !$*UTF8*$!
{
	archiveVersion = 1;
	classes = {
	};
	objectVersion = 50;
	objects = {

/* Begin PBXBuildFile section */
		CEB78BE423CB907A0050BCBD /* AppDelegate.swift in Sources */ = {isa = PBXBuildFile; fileRef = CEB78BE323CB907A0050BCBD /* AppDelegate.swift */; };
		CEB78BE623CB907A0050BCBD /* SceneDelegate.swift in Sources */ = {isa = PBXBuildFile; fileRef = CEB78BE523CB907A0050BCBD /* SceneDelegate.swift */; };
		CEB78BE823CB907A0050BCBD /* ContentView.swift in Sources */ = {isa = PBXBuildFile; fileRef = CEB78BE723CB907A0050BCBD /* ContentView.swift */; };
		CEB78BEA23CB909C0050BCBD /* Assets.xcassets in Resources */ = {isa = PBXBuildFile; fileRef = CEB78BE923CB909C0050BCBD /* Assets.xcassets */; };
		CEB78BED23CB909C0050BCBD /* Preview Assets.xcassets in Resources */ = {isa = PBXBuildFile; fileRef = CEB78BEC23CB909C0050BCBD /* Preview Assets.xcassets */; };
		CEB78BF023CB909C0050BCBD /* LaunchScreen.storyboard in Resources */ = {isa = PBXBuildFile; fileRef = CEB78BEE23CB909C0050BCBD /* LaunchScreen.storyboard */; };
/* End PBXBuildFile section */

/* Begin PBXFileReference section */
		CEB78BE023CB907A0050BCBD /* TTS.app */ = {isa = PBXFileReference; explicitFileType = wrapper.application; includeInIndex = 0; path = TTS.app; sourceTree = BUILT_PRODUCTS_DIR; };
		CEB78BE323CB907A0050BCBD /* AppDelegate.swift */ = {isa = PBXFileReference; lastKnownFileType = sourcecode.swift; path = AppDelegate.swift; sourceTree = "<group>"; };
		CEB78BE523CB907A0050BCBD /* SceneDelegate.swift */ = {isa = PBXFileReference; lastKnownFileType = sourcecode.swift; path = SceneDelegate.swift; sourceTree = "<group>"; };
		CEB78BE723CB907A0050BCBD /* ContentView.swift */ = {isa = PBXFileReference; lastKnownFileType = sourcecode.swift; path = ContentView.swift; sourceTree = "<group>"; };
		CEB78BE923CB909C0050BCBD /* Assets.xcassets */ = {isa = PBXFileReference; lastKnownFileType = folder.assetcatalog; path = Assets.xcassets; sourceTree = "<group>"; };
		CEB78BEC23CB909C0050BCBD /* Preview Assets.xcassets */ = {isa = PBXFileReference; lastKnownFileType = folder.assetcatalog; path = "Preview Assets.xcassets"; sourceTree = "<group>"; };
		CEB78BEF23CB909C0050BCBD /* Base */ = {isa = PBXFileReference; lastKnownFileType = file.storyboard; name = Base; path = Base.lproj/LaunchScreen.storyboard; sourceTree = "<group>"; };
		CEB78BF123CB909C0050BCBD /* Info.plist */ = {isa = PBXFileReference; lastKnownFileType = text.plist.xml; path = Info.plist; sourceTree = "<group>"; };
/* End PBXFileReference section */

/* Begin PBXFrameworksBuildPhase section */
		CEB78BDD23CB907A0050BCBD /* Frameworks */ = {
			isa = PBXFrameworksBuildPhase;
			buildActionMask = 2147483647;
			files = (
			);
			runOnlyForDeploymentPostprocessing = 0;
		};
/* End PBXFrameworksBuildPhase section */

/* Begin PBXGroup section */
		CEB78BD723CB907A0050BCBD = {
			isa = PBXGroup;
			children = (
				CEB78BE223CB907A0050BCBD /* TTS */,
				CEB78BE123CB907A0050BCBD /* Products */,
			);
			sourceTree = "<group>";
		};
		CEB78BE123CB907A0050BCBD /* Products */ = {
			isa = PBXGroup;
			children = (
				CEB78BE023CB907A0050BCBD /* TTS.app */,
			);
			name = Products;
			sourceTree = "<group>";
		};
		CEB78BE223CB907A0050BCBD /* TTS */ = {
			isa = PBXGroup;
			children = (
				CEB78BE323CB907A0050BCBD /* AppDelegate.swift */,
				CEB78BE523CB907A0050BCBD /* SceneDelegate.swift */,
				CEB78BE723CB907A0050BCBD /* ContentView.swift */,
				CEB78BE923CB909C0050BCBD /* Assets.xcassets */,
				CEB78BEE23CB909C0050BCBD /* LaunchScreen.storyboard */,
				CEB78BF123CB909C0050BCBD /* Info.plist */,
				CEB78BEB23CB909C0050BCBD /* Preview Content */,
			);
			path = TTS;
			sourceTree = "<group>";
		};
		CEB78BEB23CB909C0050BCBD /* Preview Content */ = {
			isa = PBXGroup;
			children = (
				CEB78BEC23CB909C0050BCBD /* Preview Assets.xcassets */,
			);
			path = "Preview Content";
			sourceTree = "<group>";
		};
/* End PBXGroup section */

/* Begin PBXNativeTarget section */
		CEB78BDF23CB907A0050BCBD /* TTS */ = {
			isa = PBXNativeTarget;
			buildConfigurationList = CEB78BF423CB909C0050BCBD /* Build configuration list for PBXNativeTarget "TTS" */;
			buildPhases = (
				CEB78BDC23CB907A0050BCBD /* Sources */,
				CEB78BDD23CB907A0050BCBD /* Frameworks */,
				CEB78BDE23CB907A0050BCBD /* Resources */,
			);
			buildRules = (
			);
			dependencies = (
			);
			name = TTS;
			productName = TTS;
			productReference = CEB78BE023CB907A0050BCBD /* TTS.app */;
			productType = "com.apple.product-type.application";
		};
/* End PBXNativeTarget section */

/* Begin PBXProject section */
		CEB78BD823CB907A0050BCBD /* Project object */ = {
			isa = PBXProject;
			attributes = {
				LastSwiftUpdateCheck = 1130;
				LastUpgradeCheck = 1130;
				ORGANIZATIONNAME = bogdyname;
				TargetAttributes = {
					CEB78BDF23CB907A0050BCBD = {
						CreatedOnToolsVersion = 11.3;
					};
				};
			};
			buildConfigurationList = CEB78BDB23CB907A0050BCBD /* Build configuration list for PBXProject "TTS" */;
			compatibilityVersion = "Xcode 9.3";
			developmentRegion = en;
			hasScannedForEncodings = 0;
			knownRegions = (
				en,
				Base,
			);
			mainGroup = CEB78BD723CB907A0050BCBD;
			productRefGroup = CEB78BE123CB907A0050BCBD /* Products */;
			projectDirPath = "";
			projectRoot = "";
			targets = (
				CEB78BDF23CB907A0050BCBD /* TTS */,
			);
		};
/* End PBXProject section */

/* Begin PBXResourcesBuildPhase section */
		CEB78BDE23CB907A0050BCBD /* Resources */ = {
			isa = PBXResourcesBuildPhase;
			buildActionMask = 2147483647;
			files = (
				CEB78BF023CB909C0050BCBD /* LaunchScreen.storyboard in Resources */,
				CEB78BED23CB909C0050BCBD /* Preview Assets.xcassets in Resources */,
				CEB78BEA23CB909C0050BCBD /* Assets.xcassets in Resources */,
			);
			runOnlyForDeploymentPostprocessing = 0;
		};
/* End PBXResourcesBuildPhase section */

/* Begin PBXSourcesBuildPhase section */
		CEB78BDC23CB907A0050BCBD /* Sources */ = {
			isa = PBXSourcesBuildPhase;
			buildActionMask = 2147483647;
			files = (
				CEB78BE423CB907A0050BCBD /* AppDelegate.swift in Sources */,
				CEB78BE623CB907A0050BCBD /* SceneDelegate.swift in Sources */,
				CEB78BE823CB907A0050BCBD /* ContentView.swift in Sources */,
			);
			runOnlyForDeploymentPostprocessing = 0;
		};
/* End PBXSourcesBuildPhase section */

/* Begin PBXVariantGroup section */
		CEB78BEE23CB909C0050BCBD /* LaunchScreen.storyboard */ = {
			isa = PBXVariantGroup;
			children = (
				CEB78BEF23CB909C0050BCBD /* Base */,
			);
			name = LaunchScreen.storyboard;
			sourceTree = "<group>";
		};
/* End PBXVariantGroup section */

/* Begin XCBuildConfiguration section */
		CEB78BF223CB909C0050BCBD /* Debug */ = {
			isa = XCBuildConfiguration;
			buildSettings = {
				ALWAYS_SEARCH_USER_PATHS = NO;
				CLANG_ANALYZER_NONNULL = YES;
				CLANG_ANALYZER_NUMBER_OBJECT_CONVERSION = YES_AGGRESSIVE;
				CLANG_CXX_LANGUAGE_STANDARD = "gnu++14";
				CLANG_CXX_LIBRARY = "libc++";
				CLANG_ENABLE_MODULES = YES;
				CLANG_ENABLE_OBJC_ARC = YES;
				CLANG_ENABLE_OBJC_WEAK = YES;
				CLANG_WARN_BLOCK_CAPTURE_AUTORELEASING = YES;
				CLANG_WARN_BOOL_CONVERSION = YES;
				CLANG_WARN_COMMA = YES;
				CLANG_WARN_CONSTANT_CONVERSION = YES;
				CLANG_WARN_DEPRECATED_OBJC_IMPLEMENTATIONS = YES;
				CLANG_WARN_DIRECT_OBJC_ISA_USAGE = YES_ERROR;
				CLANG_WARN_DOCUMENTATION_COMMENTS = YES;
				CLANG_WARN_EMPTY_BODY = YES;
				CLANG_WARN_ENUM_CONVERSION = YES;
				CLANG_WARN_INFINITE_RECURSION = YES;
				CLANG_WARN_INT_CONVERSION = YES;
				CLANG_WARN_NON_LITERAL_NULL_CONVERSION = YES;
				CLANG_WARN_OBJC_IMPLICIT_RETAIN_SELF = YES;
				CLANG_WARN_OBJC_LITERAL_CONVERSION = YES;
				CLANG_WARN_OBJC_ROOT_CLASS = YES_ERROR;
				CLANG_WARN_RANGE_LOOP_ANALYSIS = YES;
				CLANG_WARN_STRICT_PROTOTYPES = YES;
				CLANG_WARN_SUSPICIOUS_MOVE = YES;
				CLANG_WARN_UNGUARDED_AVAILABILITY = YES_AGGRESSIVE;
				CLANG_WARN_UNREACHABLE_CODE = YES;
				CLANG_WARN__DUPLICATE_METHOD_MATCH = YES;
				COPY_PHASE_STRIP = NO;
				DEBUG_INFORMATION_FORMAT = dwarf;
				ENABLE_STRICT_OBJC_MSGSEND = YES;
				ENABLE_TESTABILITY = YES;
				GCC_C_LANGUAGE_STANDARD = gnu11;
				GCC_DYNAMIC_NO_PIC = NO;
				GCC_NO_COMMON_BLOCKS = YES;
				GCC_OPTIMIZATION_LEVEL = 0;
				GCC_PREPROCESSOR_DEFINITIONS = (
					"DEBUG=1",
					"$(inherited)",
				);
				GCC_WARN_64_TO_32_BIT_CONVERSION = YES;
				GCC_WARN_ABOUT_RETURN_TYPE = YES_ERROR;
				GCC_WARN_UNDECLARED_SELECTOR = YES;
				GCC_WARN_UNINITIALIZED_AUTOS = YES_AGGRESSIVE;
				GCC_WARN_UNUSED_FUNCTION = YES;
				GCC_WARN_UNUSED_VARIABLE = YES;
				IPHONEOS_DEPLOYMENT_TARGET = 13.2;
				MTL_ENABLE_DEBUG_INFO = INCLUDE_SOURCE;
				MTL_FAST_MATH = YES;
				ONLY_ACTIVE_ARCH = YES;
				SDKROOT = iphoneos;
				SWIFT_ACTIVE_COMPILATION_CONDITIONS = DEBUG;
				SWIFT_OPTIMIZATION_LEVEL = "-Onone";
			};
			name = Debug;
		};
		CEB78BF323CB909C0050BCBD /* Release */ = {
			isa = XCBuildConfiguration;
			buildSettings = {
				ALWAYS_SEARCH_USER_PATHS = NO;
				CLANG_ANALYZER_NONNULL = YES;
				CLANG_ANALYZER_NUMBER_OBJECT_CONVERSION = YES_AGGRESSIVE;
				CLANG_CXX_LANGUAGE_STANDARD = "gnu++14";
				CLANG_CXX_LIBRARY = "libc++";
				CLANG_ENABLE_MODULES = YES;
				CLANG_ENABLE_OBJC_ARC = YES;
				CLANG_ENABLE_OBJC_WEAK = YES;
				CLANG_WARN_BLOCK_CAPTURE_AUTORELEASING = YES;
				CLANG_WARN_BOOL_CONVERSION = YES;
				CLANG_WARN_COMMA = YES;
				CLANG_WARN_CONSTANT_CONVERSION = YES;
				CLANG_WARN_DEPRECATED_OBJC_IMPLEMENTATIONS = YES;
				CLANG_WARN_DIRECT_OBJC_ISA_USAGE = YES_ERROR;
				CLANG_WARN_DOCUMENTATION_COMMENTS = YES;
				CLANG_WARN_EMPTY_BODY = YES;
				CLANG_WARN_ENUM_CONVERSION = YES;
				CLANG_WARN_INFINITE_RECURSION = YES;
				CLANG_WARN_INT_CONVERSION = YES;
				CLANG_WARN_NON_LITERAL_NULL_CONVERSION = YES;
				CLANG_WARN_OBJC_IMPLICIT_RETAIN_SELF = YES;
				CLANG_WARN_OBJC_LITERAL_CONVERSION = YES;
				CLANG_WARN_OBJC_ROOT_CLASS = YES_ERROR;
				CLANG_WARN_RANGE_LOOP_ANALYSIS = YES;
				CLANG_WARN_STRICT_PROTOTYPES = YES;
				CLANG_WARN_SUSPICIOUS_MOVE = YES;
				CLANG_WARN_UNGUARDED_AVAILABILITY = YES_AGGRESSIVE;
				CLANG_WARN_UNREACHABLE_CODE = YES;
				CLANG_WARN__DUPLICATE_METHOD_MATCH = YES;
				COPY_PHASE_STRIP = NO;
				DEBUG_INFORMATION_FORMAT = "dwarf-with-dsym";
				ENABLE_NS_ASSERTIONS = NO;
				ENABLE_STRICT_OBJC_MSGSEND = YES;
				GCC_C_LANGUAGE_STANDARD = gnu11;
				GCC_NO_COMMON_BLOCKS = YES;
				GCC_WARN_64_TO_32_BIT_CONVERSION = YES;
				GCC_WARN_ABOUT_RETURN_TYPE = YES_ERROR;
				GCC_WARN_UNDECLARED_SELECTOR = YES;
				GCC_WARN_UNINITIALIZED_AUTOS = YES_AGGRESSIVE;
				GCC_WARN_UNUSED_FUNCTION = YES;
				GCC_WARN_UNUSED_VARIABLE = YES;
				IPHONEOS_DEPLOYMENT_TARGET = 13.2;
				MTL_ENABLE_DEBUG_INFO = NO;
				MTL_FAST_MATH = YES;
				SDKROOT = iphoneos;
				SWIFT_COMPILATION_MODE = wholemodule;
				SWIFT_OPTIMIZATION_LEVEL = "-O";
				VALIDATE_PRODUCT = YES;
			};
			name = Release;
		};
		CEB78BF523CB909C0050BCBD /* Debug */ = {
			isa = XCBuildConfiguration;
			buildSettings = {
				ASSETCATALOG_COMPILER_APPICON_NAME = AppIcon;
				CODE_SIGN_STYLE = Automatic;
				DEVELOPMENT_ASSET_PATHS = "\"TTS/Preview Content\"";
				ENABLE_PREVIEWS = YES;
				INFOPLIST_FILE = TTS/Info.plist;
				LD_RUNPATH_SEARCH_PATHS = (
					"$(inherited)",
					"@executable_path/Frameworks",
				);
				PRODUCT_BUNDLE_IDENTIFIER = "Softwater-Inc.TTS";
				PRODUCT_NAME = "$(TARGET_NAME)";
				SWIFT_VERSION = 5.0;
				TARGETED_DEVICE_FAMILY = "1,2";
			};
			name = Debug;
		};
		CEB78BF623CB909C0050BCBD /* Release */ = {
			isa = XCBuildConfiguration;
			buildSettings = {
				ASSETCATALOG_COMPILER_APPICON_NAME = AppIcon;
				CODE_SIGN_STYLE = Automatic;
				DEVELOPMENT_ASSET_PATHS = "\"TTS/Preview Content\"";
				ENABLE_PREVIEWS = YES;
				INFOPLIST_FILE = TTS/Info.plist;
				LD_RUNPATH_SEARCH_PATHS = (
					"$(inherited)",
					"@executable_path/Frameworks",
				);
				PRODUCT_BUNDLE_IDENTIFIER = "Softwater-Inc.TTS";
				PRODUCT_NAME = "$(TARGET_NAME)";
				SWIFT_VERSION = 5.0;
				TARGETED_DEVICE_FAMILY = "1,2";
			};
			name = Release;
		};
/* End XCBuildConfiguration section */

/* Begin XCConfigurationList section */
		CEB78BDB23CB907A0050BCBD /* Build configuration list for PBXProject "TTS" */ = {
			isa = XCConfigurationList;
			buildConfigurations = (
				CEB78BF223CB909C0050BCBD /* Debug */,
				CEB78BF323CB909C0050BCBD /* Release */,
			);
			defaultConfigurationIsVisible = 0;
			defaultConfigurationName = Release;
		};
		CEB78BF423CB909C0050BCBD /* Build configuration list for PBXNativeTarget "TTS" */ = {
			isa = XCConfigurationList;
			buildConfigurations = (
				CEB78BF523CB909C0050BCBD /* Debug */,
				CEB78BF623CB909C0050BCBD /* Release */,
			);
			defaultConfigurationIsVisible = 0;
			defaultConfigurationName = Release;
		};
/* End XCConfigurationList section */
	};
	rootObject = CEB78BD823CB907A0050BCBD /* Project object */;
}
